// !$*UTF8*$!
{
	archiveVersion = 1;
	classes = {
	};
	objectVersion = 50;
	objects = {

/* Begin PBXBuildFile section */
		64204100225F3F0F001FE2C7 /* AppDelegate.swift in Sources */ = {isa = PBXBuildFile; fileRef = 642040FF225F3F0F001FE2C7 /* AppDelegate.swift */; };
		64204105225F3F0F001FE2C7 /* Main.storyboard in Resources */ = {isa = PBXBuildFile; fileRef = 64204103225F3F0F001FE2C7 /* Main.storyboard */; };
		64204107225F3F11001FE2C7 /* Assets.xcassets in Resources */ = {isa = PBXBuildFile; fileRef = 64204106225F3F11001FE2C7 /* Assets.xcassets */; };
		6420410A225F3F11001FE2C7 /* LaunchScreen.storyboard in Resources */ = {isa = PBXBuildFile; fileRef = 64204108225F3F11001FE2C7 /* LaunchScreen.storyboard */; };
		643432432281B5C000EC99A2 /* MasterViewController.swift in Sources */ = {isa = PBXBuildFile; fileRef = 643432422281B5C000EC99A2 /* MasterViewController.swift */; };
		643432452281B67200EC99A2 /* SplitViewController.swift in Sources */ = {isa = PBXBuildFile; fileRef = 643432442281B67200EC99A2 /* SplitViewController.swift */; };
		643432472281B7AB00EC99A2 /* PuzzleViewController.swift in Sources */ = {isa = PBXBuildFile; fileRef = 643432462281B7AB00EC99A2 /* PuzzleViewController.swift */; };
		646FB0F0226C6F8400726742 /* Game.swift in Sources */ = {isa = PBXBuildFile; fileRef = 646FB0EF226C6F8400726742 /* Game.swift */; };
/* End PBXBuildFile section */

/* Begin PBXFileReference section */
		642040FC225F3F0F001FE2C7 /* puzzle15.app */ = {isa = PBXFileReference; explicitFileType = wrapper.application; includeInIndex = 0; path = puzzle15.app; sourceTree = BUILT_PRODUCTS_DIR; };
		642040FF225F3F0F001FE2C7 /* AppDelegate.swift */ = {isa = PBXFileReference; lastKnownFileType = sourcecode.swift; path = AppDelegate.swift; sourceTree = "<group>"; };
		64204104225F3F0F001FE2C7 /* Base */ = {isa = PBXFileReference; lastKnownFileType = file.storyboard; name = Base; path = Base.lproj/Main.storyboard; sourceTree = "<group>"; };
		64204106225F3F11001FE2C7 /* Assets.xcassets */ = {isa = PBXFileReference; lastKnownFileType = folder.assetcatalog; path = Assets.xcassets; sourceTree = "<group>"; };
		64204109225F3F11001FE2C7 /* Base */ = {isa = PBXFileReference; lastKnownFileType = file.storyboard; name = Base; path = Base.lproj/LaunchScreen.storyboard; sourceTree = "<group>"; };
		6420410B225F3F11001FE2C7 /* Info.plist */ = {isa = PBXFileReference; lastKnownFileType = text.plist.xml; path = Info.plist; sourceTree = "<group>"; };
		643432422281B5C000EC99A2 /* MasterViewController.swift */ = {isa = PBXFileReference; lastKnownFileType = sourcecode.swift; path = MasterViewController.swift; sourceTree = "<group>"; };
		643432442281B67200EC99A2 /* SplitViewController.swift */ = {isa = PBXFileReference; lastKnownFileType = sourcecode.swift; path = SplitViewController.swift; sourceTree = "<group>"; };
		643432462281B7AB00EC99A2 /* PuzzleViewController.swift */ = {isa = PBXFileReference; lastKnownFileType = sourcecode.swift; path = PuzzleViewController.swift; sourceTree = "<group>"; };
		646FB0EF226C6F8400726742 /* Game.swift */ = {isa = PBXFileReference; lastKnownFileType = sourcecode.swift; path = Game.swift; sourceTree = "<group>"; };
/* End PBXFileReference section */

/* Begin PBXFrameworksBuildPhase section */
		642040F9225F3F0F001FE2C7 /* Frameworks */ = {
			isa = PBXFrameworksBuildPhase;
			buildActionMask = 2147483647;
			files = (
			);
			runOnlyForDeploymentPostprocessing = 0;
		};
/* End PBXFrameworksBuildPhase section */

/* Begin PBXGroup section */
		642040F3225F3F0F001FE2C7 = {
			isa = PBXGroup;
			children = (
				642040FE225F3F0F001FE2C7 /* puzzle15 */,
				642040FD225F3F0F001FE2C7 /* Products */,
			);
			sourceTree = "<group>";
		};
		642040FD225F3F0F001FE2C7 /* Products */ = {
			isa = PBXGroup;
			children = (
				642040FC225F3F0F001FE2C7 /* puzzle15.app */,
			);
			name = Products;
			sourceTree = "<group>";
		};
		642040FE225F3F0F001FE2C7 /* puzzle15 */ = {
			isa = PBXGroup;
			children = (
				64204111225F3F37001FE2C7 /* Project Files */,
				643432422281B5C000EC99A2 /* MasterViewController.swift */,
				646FB0EF226C6F8400726742 /* Game.swift */,
				64204103225F3F0F001FE2C7 /* Main.storyboard */,
				643432462281B7AB00EC99A2 /* PuzzleViewController.swift */,
				643432442281B67200EC99A2 /* SplitViewController.swift */,
				6420410B225F3F11001FE2C7 /* Info.plist */,
			);
			path = puzzle15;
			sourceTree = "<group>";
		};
		64204111225F3F37001FE2C7 /* Project Files */ = {
			isa = PBXGroup;
			children = (
				642040FF225F3F0F001FE2C7 /* AppDelegate.swift */,
				64204106225F3F11001FE2C7 /* Assets.xcassets */,
				64204108225F3F11001FE2C7 /* LaunchScreen.storyboard */,
			);
			path = "Project Files";
			sourceTree = "<group>";
		};
/* End PBXGroup section */

/* Begin PBXNativeTarget section */
		642040FB225F3F0F001FE2C7 /* puzzle15 */ = {
			isa = PBXNativeTarget;
			buildConfigurationList = 6420410E225F3F11001FE2C7 /* Build configuration list for PBXNativeTarget "puzzle15" */;
			buildPhases = (
				642040F8225F3F0F001FE2C7 /* Sources */,
				642040F9225F3F0F001FE2C7 /* Frameworks */,
				642040FA225F3F0F001FE2C7 /* Resources */,
			);
			buildRules = (
			);
			dependencies = (
			);
			name = puzzle15;
			productName = puzzle15;
			productReference = 642040FC225F3F0F001FE2C7 /* puzzle15.app */;
			productType = "com.apple.product-type.application";
		};
/* End PBXNativeTarget section */

/* Begin PBXProject section */
		642040F4225F3F0F001FE2C7 /* Project object */ = {
			isa = PBXProject;
			attributes = {
				LastSwiftUpdateCheck = 1020;
				LastUpgradeCheck = 1020;
				ORGANIZATIONNAME = siret;
				TargetAttributes = {
					642040FB225F3F0F001FE2C7 = {
						CreatedOnToolsVersion = 10.2;
					};
				};
			};
			buildConfigurationList = 642040F7225F3F0F001FE2C7 /* Build configuration list for PBXProject "puzzle15" */;
			compatibilityVersion = "Xcode 9.3";
			developmentRegion = en;
			hasScannedForEncodings = 0;
			knownRegions = (
				en,
				Base,
			);
			mainGroup = 642040F3225F3F0F001FE2C7;
			productRefGroup = 642040FD225F3F0F001FE2C7 /* Products */;
			projectDirPath = "";
			projectRoot = "";
			targets = (
				642040FB225F3F0F001FE2C7 /* puzzle15 */,
			);
		};
/* End PBXProject section */

/* Begin PBXResourcesBuildPhase section */
		642040FA225F3F0F001FE2C7 /* Resources */ = {
			isa = PBXResourcesBuildPhase;
			buildActionMask = 2147483647;
			files = (
				6420410A225F3F11001FE2C7 /* LaunchScreen.storyboard in Resources */,
				64204107225F3F11001FE2C7 /* Assets.xcassets in Resources */,
				64204105225F3F0F001FE2C7 /* Main.storyboard in Resources */,
			);
			runOnlyForDeploymentPostprocessing = 0;
		};
/* End PBXResourcesBuildPhase section */

/* Begin PBXSourcesBuildPhase section */
		642040F8225F3F0F001FE2C7 /* Sources */ = {
			isa = PBXSourcesBuildPhase;
			buildActionMask = 2147483647;
			files = (
				643432452281B67200EC99A2 /* SplitViewController.swift in Sources */,
				643432432281B5C000EC99A2 /* MasterViewController.swift in Sources */,
				646FB0F0226C6F8400726742 /* Game.swift in Sources */,
				643432472281B7AB00EC99A2 /* PuzzleViewController.swift in Sources */,
				64204100225F3F0F001FE2C7 /* AppDelegate.swift in Sources */,
			);
			runOnlyForDeploymentPostprocessing = 0;
		};
/* End PBXSourcesBuildPhase section */

/* Begin PBXVariantGroup section */
		64204103225F3F0F001FE2C7 /* Main.storyboard */ = {
			isa = PBXVariantGroup;
			children = (
				64204104225F3F0F001FE2C7 /* Base */,
			);
			name = Main.storyboard;
			sourceTree = "<group>";
		};
		64204108225F3F11001FE2C7 /* LaunchScreen.storyboard */ = {
			isa = PBXVariantGroup;
			children = (
				64204109225F3F11001FE2C7 /* Base */,
			);
			name = LaunchScreen.storyboard;
			sourceTree = "<group>";
		};
/* End PBXVariantGroup section */

/* Begin XCBuildConfiguration section */
		6420410C225F3F11001FE2C7 /* Debug */ = {
			isa = XCBuildConfiguration;
			buildSettings = {
				ALWAYS_SEARCH_USER_PATHS = NO;
				CLANG_ANALYZER_NONNULL = YES;
				CLANG_ANALYZER_NUMBER_OBJECT_CONVERSION = YES_AGGRESSIVE;
				CLANG_CXX_LANGUAGE_STANDARD = "gnu++14";
				CLANG_CXX_LIBRARY = "libc++";
				CLANG_ENABLE_MODULES = YES;
				CLANG_ENABLE_OBJC_ARC = YES;
				CLANG_ENABLE_OBJC_WEAK = YES;
				CLANG_WARN_BLOCK_CAPTURE_AUTORELEASING = YES;
				CLANG_WARN_BOOL_CONVERSION = YES;
				CLANG_WARN_COMMA = YES;
				CLANG_WARN_CONSTANT_CONVERSION = YES;
				CLANG_WARN_DEPRECATED_OBJC_IMPLEMENTATIONS = YES;
				CLANG_WARN_DIRECT_OBJC_ISA_USAGE = YES_ERROR;
				CLANG_WARN_DOCUMENTATION_COMMENTS = YES;
				CLANG_WARN_EMPTY_BODY = YES;
				CLANG_WARN_ENUM_CONVERSION = YES;
				CLANG_WARN_INFINITE_RECURSION = YES;
				CLANG_WARN_INT_CONVERSION = YES;
				CLANG_WARN_NON_LITERAL_NULL_CONVERSION = YES;
				CLANG_WARN_OBJC_IMPLICIT_RETAIN_SELF = YES;
				CLANG_WARN_OBJC_LITERAL_CONVERSION = YES;
				CLANG_WARN_OBJC_ROOT_CLASS = YES_ERROR;
				CLANG_WARN_RANGE_LOOP_ANALYSIS = YES;
				CLANG_WARN_STRICT_PROTOTYPES = YES;
				CLANG_WARN_SUSPICIOUS_MOVE = YES;
				CLANG_WARN_UNGUARDED_AVAILABILITY = YES_AGGRESSIVE;
				CLANG_WARN_UNREACHABLE_CODE = YES;
				CLANG_WARN__DUPLICATE_METHOD_MATCH = YES;
				CODE_SIGN_IDENTITY = "iPhone Developer";
				COPY_PHASE_STRIP = NO;
				DEBUG_INFORMATION_FORMAT = dwarf;
				ENABLE_STRICT_OBJC_MSGSEND = YES;
				ENABLE_TESTABILITY = YES;
				GCC_C_LANGUAGE_STANDARD = gnu11;
				GCC_DYNAMIC_NO_PIC = NO;
				GCC_NO_COMMON_BLOCKS = YES;
				GCC_OPTIMIZATION_LEVEL = 0;
				GCC_PREPROCESSOR_DEFINITIONS = (
					"DEBUG=1",
					"$(inherited)",
				);
				GCC_WARN_64_TO_32_BIT_CONVERSION = YES;
				GCC_WARN_ABOUT_RETURN_TYPE = YES_ERROR;
				GCC_WARN_UNDECLARED_SELECTOR = YES;
				GCC_WARN_UNINITIALIZED_AUTOS = YES_AGGRESSIVE;
				GCC_WARN_UNUSED_FUNCTION = YES;
				GCC_WARN_UNUSED_VARIABLE = YES;
				IPHONEOS_DEPLOYMENT_TARGET = 12.2;
				MTL_ENABLE_DEBUG_INFO = INCLUDE_SOURCE;
				MTL_FAST_MATH = YES;
				ONLY_ACTIVE_ARCH = YES;
				SDKROOT = iphoneos;
				SWIFT_ACTIVE_COMPILATION_CONDITIONS = DEBUG;
				SWIFT_OPTIMIZATION_LEVEL = "-Onone";
			};
			name = Debug;
		};
		6420410D225F3F11001FE2C7 /* Release */ = {
			isa = XCBuildConfiguration;
			buildSettings = {
				ALWAYS_SEARCH_USER_PATHS = NO;
				CLANG_ANALYZER_NONNULL = YES;
				CLANG_ANALYZER_NUMBER_OBJECT_CONVERSION = YES_AGGRESSIVE;
				CLANG_CXX_LANGUAGE_STANDARD = "gnu++14";
				CLANG_CXX_LIBRARY = "libc++";
				CLANG_ENABLE_MODULES = YES;
				CLANG_ENABLE_OBJC_ARC = YES;
				CLANG_ENABLE_OBJC_WEAK = YES;
				CLANG_WARN_BLOCK_CAPTURE_AUTORELEASING = YES;
				CLANG_WARN_BOOL_CONVERSION = YES;
				CLANG_WARN_COMMA = YES;
				CLANG_WARN_CONSTANT_CONVERSION = YES;
				CLANG_WARN_DEPRECATED_OBJC_IMPLEMENTATIONS = YES;
				CLANG_WARN_DIRECT_OBJC_ISA_USAGE = YES_ERROR;
				CLANG_WARN_DOCUMENTATION_COMMENTS = YES;
				CLANG_WARN_EMPTY_BODY = YES;
				CLANG_WARN_ENUM_CONVERSION = YES;
				CLANG_WARN_INFINITE_RECURSION = YES;
				CLANG_WARN_INT_CONVERSION = YES;
				CLANG_WARN_NON_LITERAL_NULL_CONVERSION = YES;
				CLANG_WARN_OBJC_IMPLICIT_RETAIN_SELF = YES;
				CLANG_WARN_OBJC_LITERAL_CONVERSION = YES;
				CLANG_WARN_OBJC_ROOT_CLASS = YES_ERROR;
				CLANG_WARN_RANGE_LOOP_ANALYSIS = YES;
				CLANG_WARN_STRICT_PROTOTYPES = YES;
				CLANG_WARN_SUSPICIOUS_MOVE = YES;
				CLANG_WARN_UNGUARDED_AVAILABILITY = YES_AGGRESSIVE;
				CLANG_WARN_UNREACHABLE_CODE = YES;
				CLANG_WARN__DUPLICATE_METHOD_MATCH = YES;
				CODE_SIGN_IDENTITY = "iPhone Developer";
				COPY_PHASE_STRIP = NO;
				DEBUG_INFORMATION_FORMAT = "dwarf-with-dsym";
				ENABLE_NS_ASSERTIONS = NO;
				ENABLE_STRICT_OBJC_MSGSEND = YES;
				GCC_C_LANGUAGE_STANDARD = gnu11;
				GCC_NO_COMMON_BLOCKS = YES;
				GCC_WARN_64_TO_32_BIT_CONVERSION = YES;
				GCC_WARN_ABOUT_RETURN_TYPE = YES_ERROR;
				GCC_WARN_UNDECLARED_SELECTOR = YES;
				GCC_WARN_UNINITIALIZED_AUTOS = YES_AGGRESSIVE;
				GCC_WARN_UNUSED_FUNCTION = YES;
				GCC_WARN_UNUSED_VARIABLE = YES;
				IPHONEOS_DEPLOYMENT_TARGET = 12.2;
				MTL_ENABLE_DEBUG_INFO = NO;
				MTL_FAST_MATH = YES;
				SDKROOT = iphoneos;
				SWIFT_COMPILATION_MODE = wholemodule;
				SWIFT_OPTIMIZATION_LEVEL = "-O";
				VALIDATE_PRODUCT = YES;
			};
			name = Release;
		};
		6420410F225F3F11001FE2C7 /* Debug */ = {
			isa = XCBuildConfiguration;
			buildSettings = {
				ASSETCATALOG_COMPILER_APPICON_NAME = AppIcon;
				CODE_SIGN_STYLE = Automatic;
				INFOPLIST_FILE = puzzle15/Info.plist;
				LD_RUNPATH_SEARCH_PATHS = (
					"$(inherited)",
					"@executable_path/Frameworks",
				);
				PRODUCT_BUNDLE_IDENTIFIER = ee.siret.puzzle15;
				PRODUCT_NAME = "$(TARGET_NAME)";
				SWIFT_VERSION = 5.0;
				TARGETED_DEVICE_FAMILY = "1,2";
			};
			name = Debug;
		};
		64204110225F3F11001FE2C7 /* Release */ = {
			isa = XCBuildConfiguration;
			buildSettings = {
				ASSETCATALOG_COMPILER_APPICON_NAME = AppIcon;
				CODE_SIGN_STYLE = Automatic;
				INFOPLIST_FILE = puzzle15/Info.plist;
				LD_RUNPATH_SEARCH_PATHS = (
					"$(inherited)",
					"@executable_path/Frameworks",
				);
				PRODUCT_BUNDLE_IDENTIFIER = ee.siret.puzzle15;
				PRODUCT_NAME = "$(TARGET_NAME)";
				SWIFT_VERSION = 5.0;
				TARGETED_DEVICE_FAMILY = "1,2";
			};
			name = Release;
		};
/* End XCBuildConfiguration section */

/* Begin XCConfigurationList section */
		642040F7225F3F0F001FE2C7 /* Build configuration list for PBXProject "puzzle15" */ = {
			isa = XCConfigurationList;
			buildConfigurations = (
				6420410C225F3F11001FE2C7 /* Debug */,
				6420410D225F3F11001FE2C7 /* Release */,
			);
			defaultConfigurationIsVisible = 0;
			defaultConfigurationName = Release;
		};
		6420410E225F3F11001FE2C7 /* Build configuration list for PBXNativeTarget "puzzle15" */ = {
			isa = XCConfigurationList;
			buildConfigurations = (
				6420410F225F3F11001FE2C7 /* Debug */,
				64204110225F3F11001FE2C7 /* Release */,
			);
			defaultConfigurationIsVisible = 0;
			defaultConfigurationName = Release;
		};
/* End XCConfigurationList section */
	};
	rootObject = 642040F4225F3F0F001FE2C7 /* Project object */;
}
